// !$*UTF8*$!
{
	archiveVersion = 1;
	classes = {
	};
	objectVersion = 46;
	objects = {

/* Begin PBXBuildFile section */
		0E6DFC1C14E11523003D8915 /* UIKit.framework in Frameworks */ = {isa = PBXBuildFile; fileRef = 0E6DFC1B14E11523003D8915 /* UIKit.framework */; };
		0E6DFC1E14E11523003D8915 /* Foundation.framework in Frameworks */ = {isa = PBXBuildFile; fileRef = 0E6DFC1D14E11523003D8915 /* Foundation.framework */; };
		0E6DFC2014E11523003D8915 /* CoreGraphics.framework in Frameworks */ = {isa = PBXBuildFile; fileRef = 0E6DFC1F14E11523003D8915 /* CoreGraphics.framework */; };
		0E6DFC3A14E1159E003D8915 /* AppDelegate.m in Sources */ = {isa = PBXBuildFile; fileRef = 0E6DFC3414E1159E003D8915 /* AppDelegate.m */; };
		0E6DFC3B14E1159E003D8915 /* InfoPlist.strings in Resources */ = {isa = PBXBuildFile; fileRef = 0E6DFC3514E1159E003D8915 /* InfoPlist.strings */; };
		0E6DFC3D14E1159E003D8915 /* main.m in Sources */ = {isa = PBXBuildFile; fileRef = 0E6DFC3914E1159E003D8915 /* main.m */; };
		0E6DFC5514E11775003D8915 /* KMLinkLabel.m in Sources */ = {isa = PBXBuildFile; fileRef = 0E6DFC5414E11775003D8915 /* KMLinkLabel.m */; };
/* End PBXBuildFile section */

/* Begin PBXFileReference section */
		0E6DFC1714E11523003D8915 /* KMLinkLabel.app */ = {isa = PBXFileReference; explicitFileType = wrapper.application; includeInIndex = 0; path = KMLinkLabel.app; sourceTree = BUILT_PRODUCTS_DIR; };
		0E6DFC1B14E11523003D8915 /* UIKit.framework */ = {isa = PBXFileReference; lastKnownFileType = wrapper.framework; name = UIKit.framework; path = System/Library/Frameworks/UIKit.framework; sourceTree = SDKROOT; };
		0E6DFC1D14E11523003D8915 /* Foundation.framework */ = {isa = PBXFileReference; lastKnownFileType = wrapper.framework; name = Foundation.framework; path = System/Library/Frameworks/Foundation.framework; sourceTree = SDKROOT; };
		0E6DFC1F14E11523003D8915 /* CoreGraphics.framework */ = {isa = PBXFileReference; lastKnownFileType = wrapper.framework; name = CoreGraphics.framework; path = System/Library/Frameworks/CoreGraphics.framework; sourceTree = SDKROOT; };
		0E6DFC3314E1159E003D8915 /* AppDelegate.h */ = {isa = PBXFileReference; fileEncoding = 4; lastKnownFileType = sourcecode.c.h; path = AppDelegate.h; sourceTree = "<group>"; };
		0E6DFC3414E1159E003D8915 /* AppDelegate.m */ = {isa = PBXFileReference; fileEncoding = 4; lastKnownFileType = sourcecode.c.objc; path = AppDelegate.m; sourceTree = "<group>"; };
		0E6DFC3614E1159E003D8915 /* en */ = {isa = PBXFileReference; lastKnownFileType = text.plist.strings; name = en; path = en.lproj/InfoPlist.strings; sourceTree = "<group>"; };
		0E6DFC3714E1159E003D8915 /* KMLinkLabel-Info.plist */ = {isa = PBXFileReference; fileEncoding = 4; lastKnownFileType = text.plist.xml; path = "KMLinkLabel-Info.plist"; sourceTree = "<group>"; };
		0E6DFC3814E1159E003D8915 /* KMLinkLabel-Prefix.pch */ = {isa = PBXFileReference; fileEncoding = 4; lastKnownFileType = sourcecode.c.h; path = "KMLinkLabel-Prefix.pch"; sourceTree = "<group>"; };
		0E6DFC3914E1159E003D8915 /* main.m */ = {isa = PBXFileReference; fileEncoding = 4; lastKnownFileType = sourcecode.c.objc; path = main.m; sourceTree = "<group>"; };
		0E6DFC5314E11775003D8915 /* KMLinkLabel.h */ = {isa = PBXFileReference; fileEncoding = 4; lastKnownFileType = sourcecode.c.h; path = KMLinkLabel.h; sourceTree = "<group>"; };
		0E6DFC5414E11775003D8915 /* KMLinkLabel.m */ = {isa = PBXFileReference; fileEncoding = 4; lastKnownFileType = sourcecode.c.objc; path = KMLinkLabel.m; sourceTree = "<group>"; };
/* End PBXFileReference section */

/* Begin PBXFrameworksBuildPhase section */
		0E6DFC1414E11523003D8915 /* Frameworks */ = {
			isa = PBXFrameworksBuildPhase;
			buildActionMask = 2147483647;
			files = (
				0E6DFC1C14E11523003D8915 /* UIKit.framework in Frameworks */,
				0E6DFC1E14E11523003D8915 /* Foundation.framework in Frameworks */,
				0E6DFC2014E11523003D8915 /* CoreGraphics.framework in Frameworks */,
			);
			runOnlyForDeploymentPostprocessing = 0;
		};
/* End PBXFrameworksBuildPhase section */

/* Begin PBXGroup section */
		0E6DFC0C14E11523003D8915 = {
			isa = PBXGroup;
			children = (
				0E6DFC4214E116F8003D8915 /* KMLinkLabel */,
				0E6DFC3214E1159E003D8915 /* KMLinkLabelSample */,
				0E6DFC1A14E11523003D8915 /* Frameworks */,
				0E6DFC1814E11523003D8915 /* Products */,
			);
			sourceTree = "<group>";
		};
		0E6DFC1814E11523003D8915 /* Products */ = {
			isa = PBXGroup;
			children = (
				0E6DFC1714E11523003D8915 /* KMLinkLabel.app */,
			);
			name = Products;
			sourceTree = "<group>";
		};
		0E6DFC1A14E11523003D8915 /* Frameworks */ = {
			isa = PBXGroup;
			children = (
				0E6DFC1B14E11523003D8915 /* UIKit.framework */,
				0E6DFC1D14E11523003D8915 /* Foundation.framework */,
				0E6DFC1F14E11523003D8915 /* CoreGraphics.framework */,
			);
			name = Frameworks;
			sourceTree = "<group>";
		};
		0E6DFC3214E1159E003D8915 /* KMLinkLabelSample */ = {
			isa = PBXGroup;
			children = (
				0E6DFC3314E1159E003D8915 /* AppDelegate.h */,
				0E6DFC3414E1159E003D8915 /* AppDelegate.m */,
				0E6DFC3514E1159E003D8915 /* InfoPlist.strings */,
				0E6DFC3714E1159E003D8915 /* KMLinkLabel-Info.plist */,
				0E6DFC3814E1159E003D8915 /* KMLinkLabel-Prefix.pch */,
				0E6DFC3914E1159E003D8915 /* main.m */,
			);
			path = KMLinkLabelSample;
			sourceTree = "<group>";
		};
		0E6DFC4214E116F8003D8915 /* KMLinkLabel */ = {
			isa = PBXGroup;
			children = (
				0E6DFC5314E11775003D8915 /* KMLinkLabel.h */,
				0E6DFC5414E11775003D8915 /* KMLinkLabel.m */,
			);
			path = KMLinkLabel;
			sourceTree = "<group>";
		};
/* End PBXGroup section */

/* Begin PBXNativeTarget section */
		0E6DFC1614E11523003D8915 /* KMLinkLabel */ = {
			isa = PBXNativeTarget;
			buildConfigurationList = 0E6DFC2F14E11523003D8915 /* Build configuration list for PBXNativeTarget "KMLinkLabel" */;
			buildPhases = (
				0E6DFC1314E11523003D8915 /* Sources */,
				0E6DFC1414E11523003D8915 /* Frameworks */,
				0E6DFC1514E11523003D8915 /* Resources */,
			);
			buildRules = (
			);
			dependencies = (
			);
			name = KMLinkLabel;
			productName = KMLinkLabel;
			productReference = 0E6DFC1714E11523003D8915 /* KMLinkLabel.app */;
			productType = "com.apple.product-type.application";
		};
/* End PBXNativeTarget section */

/* Begin PBXProject section */
		0E6DFC0E14E11523003D8915 /* Project object */ = {
			isa = PBXProject;
			attributes = {
				LastUpgradeCheck = 0420;
			};
			buildConfigurationList = 0E6DFC1114E11523003D8915 /* Build configuration list for PBXProject "KMLinkLabel" */;
			compatibilityVersion = "Xcode 3.2";
			developmentRegion = English;
			hasScannedForEncodings = 0;
			knownRegions = (
				en,
			);
			mainGroup = 0E6DFC0C14E11523003D8915;
			productRefGroup = 0E6DFC1814E11523003D8915 /* Products */;
			projectDirPath = "";
			projectRoot = "";
			targets = (
				0E6DFC1614E11523003D8915 /* KMLinkLabel */,
			);
		};
/* End PBXProject section */

/* Begin PBXResourcesBuildPhase section */
		0E6DFC1514E11523003D8915 /* Resources */ = {
			isa = PBXResourcesBuildPhase;
			buildActionMask = 2147483647;
			files = (
				0E6DFC3B14E1159E003D8915 /* InfoPlist.strings in Resources */,
			);
			runOnlyForDeploymentPostprocessing = 0;
		};
/* End PBXResourcesBuildPhase section */

/* Begin PBXSourcesBuildPhase section */
		0E6DFC1314E11523003D8915 /* Sources */ = {
			isa = PBXSourcesBuildPhase;
			buildActionMask = 2147483647;
			files = (
				0E6DFC3A14E1159E003D8915 /* AppDelegate.m in Sources */,
				0E6DFC3D14E1159E003D8915 /* main.m in Sources */,
				0E6DFC5514E11775003D8915 /* KMLinkLabel.m in Sources */,
			);
			runOnlyForDeploymentPostprocessing = 0;
		};
/* End PBXSourcesBuildPhase section */

/* Begin PBXVariantGroup section */
		0E6DFC3514E1159E003D8915 /* InfoPlist.strings */ = {
			isa = PBXVariantGroup;
			children = (
				0E6DFC3614E1159E003D8915 /* en */,
			);
			name = InfoPlist.strings;
			sourceTree = "<group>";
		};
/* End PBXVariantGroup section */

/* Begin XCBuildConfiguration section */
		0E6DFC2D14E11523003D8915 /* Debug */ = {
			isa = XCBuildConfiguration;
			buildSettings = {
				ALWAYS_SEARCH_USER_PATHS = NO;
				ARCHS = "$(ARCHS_STANDARD_32_BIT)";
				"CODE_SIGN_IDENTITY[sdk=iphoneos*]" = "iPhone Developer";
				COPY_PHASE_STRIP = NO;
				GCC_C_LANGUAGE_STANDARD = gnu99;
				GCC_DYNAMIC_NO_PIC = NO;
				GCC_OPTIMIZATION_LEVEL = 0;
				GCC_PREPROCESSOR_DEFINITIONS = (
					"DEBUG=1",
					"$(inherited)",
				);
				GCC_SYMBOLS_PRIVATE_EXTERN = NO;
				GCC_VERSION = com.apple.compilers.llvm.clang.1_0;
				GCC_WARN_ABOUT_MISSING_PROTOTYPES = YES;
				GCC_WARN_ABOUT_RETURN_TYPE = YES;
				GCC_WARN_UNUSED_VARIABLE = YES;
				IPHONEOS_DEPLOYMENT_TARGET = 5.0;
				SDKROOT = iphoneos;
			};
			name = Debug;
		};
		0E6DFC2E14E11523003D8915 /* Release */ = {
			isa = XCBuildConfiguration;
			buildSettings = {
				ALWAYS_SEARCH_USER_PATHS = NO;
				ARCHS = "$(ARCHS_STANDARD_32_BIT)";
				"CODE_SIGN_IDENTITY[sdk=iphoneos*]" = "iPhone Developer";
				COPY_PHASE_STRIP = YES;
				GCC_C_LANGUAGE_STANDARD = gnu99;
				GCC_VERSION = com.apple.compilers.llvm.clang.1_0;
				GCC_WARN_ABOUT_MISSING_PROTOTYPES = YES;
				GCC_WARN_ABOUT_RETURN_TYPE = YES;
				GCC_WARN_UNUSED_VARIABLE = YES;
				IPHONEOS_DEPLOYMENT_TARGET = 5.0;
				OTHER_CFLAGS = "-DNS_BLOCK_ASSERTIONS=1";
				SDKROOT = iphoneos;
				VALIDATE_PRODUCT = YES;
			};
			name = Release;
		};
		0E6DFC3014E11523003D8915 /* Debug */ = {
			isa = XCBuildConfiguration;
			buildSettings = {
				GCC_PRECOMPILE_PREFIX_HEADER = YES;
				GCC_PREFIX_HEADER = "KMLinkLabelSample/KMLinkLabel-Prefix.pch";
				INFOPLIST_FILE = "KMLinkLabelSample/KMLinkLabel-Info.plist";
				PRODUCT_NAME = "$(TARGET_NAME)";
				WRAPPER_EXTENSION = app;
			};
			name = Debug;
		};
		0E6DFC3114E11523003D8915 /* Release */ = {
			isa = XCBuildConfiguration;
			buildSettings = {
				GCC_PRECOMPILE_PREFIX_HEADER = YES;
				GCC_PREFIX_HEADER = "KMLinkLabelSample/KMLinkLabel-Prefix.pch";
				INFOPLIST_FILE = "KMLinkLabelSample/KMLinkLabel-Info.plist";
				PRODUCT_NAME = "$(TARGET_NAME)";
				WRAPPER_EXTENSION = app;
			};
			name = Release;
		};
/* End XCBuildConfiguration section */

/* Begin XCConfigurationList section */
		0E6DFC1114E11523003D8915 /* Build configuration list for PBXProject "KMLinkLabel" */ = {
			isa = XCConfigurationList;
			buildConfigurations = (
				0E6DFC2D14E11523003D8915 /* Debug */,
				0E6DFC2E14E11523003D8915 /* Release */,
			);
			defaultConfigurationIsVisible = 0;
			defaultConfigurationName = Release;
		};
		0E6DFC2F14E11523003D8915 /* Build configuration list for PBXNativeTarget "KMLinkLabel" */ = {
			isa = XCConfigurationList;
			buildConfigurations = (
				0E6DFC3014E11523003D8915 /* Debug */,
				0E6DFC3114E11523003D8915 /* Release */,
			);
			defaultConfigurationIsVisible = 0;
			defaultConfigurationName = Release;
		};
/* End XCConfigurationList section */
	};
	rootObject = 0E6DFC0E14E11523003D8915 /* Project object */;
}
